
Microsoft Visual Studio Solution File, Format Version 12.00
# Visual Studio 14
VisualStudioVersion = 14.0.25420.1
MinimumVisualStudioVersion = 10.0.40219.1
Project("{FAE04EC0-301F-11D3-BF4B-00C04F79EFBC}") = "IOLightLib", "IOLightLib\IOLightLib.csproj", "{A905AD86-F9DE-4DE3-B888-6AF188DE7456}"
EndProject
Project("{FAE04EC0-301F-11D3-BF4B-00C04F79EFBC}") = "IOInterfaceLib", "IOInterfaceLib\IOInterfaceLib.csproj", "{FC38B57A-1332-4CD9-BB28-1F6DFE682416}"
EndProject
Project("{FAE04EC0-301F-11D3-BF4B-00C04F79EFBC}") = "IOHeaterLib", "IOHeaterLib\IOHeaterLib.csproj", "{45079BA2-65AB-49B6-B7F2-FF900B5D602F}"
EndProject
Project("{FAE04EC0-301F-11D3-BF4B-00C04F79EFBC}") = "IOSegmentLib", "IOSegmentLib\IOSegmentLib.csproj", "{07B0FE31-ACAC-49FA-A948-530E9E154960}"
EndProject
Project("{2150E333-8FDC-42A3-9474-1A3956D46DE8}") = "Solution Items", "Solution Items", "{D4305DE1-9642-40BA-A27C-562A9C897D2E}"
	ProjectSection(SolutionItems) = preProject
		Local.testsettings = Local.testsettings
		stebs.vsmdi = stebs.vsmdi
		TraceAndTestImpact.testsettings = TraceAndTestImpact.testsettings
	EndProjectSection
EndProject
Project("{FAE04EC0-301F-11D3-BF4B-00C04F79EFBC}") = "TestProject", "TestProject\TestProject.csproj", "{E4F133E3-4CE4-4453-BED4-E20E2E1E21ED}"
EndProject
Project("{FAE04EC0-301F-11D3-BF4B-00C04F79EFBC}") = "TextBoxes", "TextBoxes\TextBoxes.csproj", "{0EB716C9-8CC0-4C5A-ADB7-445FCE269529}"
EndProject
Project("{FAE04EC0-301F-11D3-BF4B-00C04F79EFBC}") = "IOInterruptLib", "IOInterruptLib\IOInterruptLib.csproj", "{9F55800E-8C8F-4085-92BA-222D0E305940}"
EndProject
Project("{FAE04EC0-301F-11D3-BF4B-00C04F79EFBC}") = "stebs", "stebs\stebs.csproj", "{685D7840-B479-4B26-B2C5-D23475B4715B}"
	ProjectSection(ProjectDependencies) = postProject
		{9F55800E-8C8F-4085-92BA-222D0E305940} = {9F55800E-8C8F-4085-92BA-222D0E305940}
		{07B0FE31-ACAC-49FA-A948-530E9E154960} = {07B0FE31-ACAC-49FA-A948-530E9E154960}
		{FC38B57A-1332-4CD9-BB28-1F6DFE682416} = {FC38B57A-1332-4CD9-BB28-1F6DFE682416}
		{A905AD86-F9DE-4DE3-B888-6AF188DE7456} = {A905AD86-F9DE-4DE3-B888-6AF188DE7456}
		{45079BA2-65AB-49B6-B7F2-FF900B5D602F} = {45079BA2-65AB-49B6-B7F2-FF900B5D602F}
		{B63D51E0-7794-4D39-9962-7316D5E09DF4} = {B63D51E0-7794-4D39-9962-7316D5E09DF4}
	EndProjectSection
EndProject
Project("{FAE04EC0-301F-11D3-BF4B-00C04F79EFBC}") = "IOKeyboardLib", "IOKeyboardLib\IOKeyboardLib.csproj", "{B63D51E0-7794-4D39-9962-7316D5E09DF4}"
	ProjectSection(ProjectDependencies) = postProject
		{FC38B57A-1332-4CD9-BB28-1F6DFE682416} = {FC38B57A-1332-4CD9-BB28-1F6DFE682416}
	EndProjectSection
EndProject
Project("{FAE04EC0-301F-11D3-BF4B-00C04F79EFBC}") = "IOWatchLib", "IOWatchLib\IOWatchLib.csproj", "{59C2C260-C14A-45CF-BDE3-203DFED9BBA3}"
EndProject
Global
	GlobalSection(SolutionConfigurationPlatforms) = preSolution
		Debug|Any CPU = Debug|Any CPU
		Release|Any CPU = Release|Any CPU
	EndGlobalSection
	GlobalSection(ProjectConfigurationPlatforms) = postSolution
		{A905AD86-F9DE-4DE3-B888-6AF188DE7456}.Debug|Any CPU.ActiveCfg = Debug|Any CPU
		{A905AD86-F9DE-4DE3-B888-6AF188DE7456}.Debug|Any CPU.Build.0 = Debug|Any CPU
		{A905AD86-F9DE-4DE3-B888-6AF188DE7456}.Release|Any CPU.ActiveCfg = Release|Any CPU
		{A905AD86-F9DE-4DE3-B888-6AF188DE7456}.Release|Any CPU.Build.0 = Release|Any CPU
		{FC38B57A-1332-4CD9-BB28-1F6DFE682416}.Debug|Any CPU.ActiveCfg = Debug|Any CPU
		{FC38B57A-1332-4CD9-BB28-1F6DFE682416}.Debug|Any CPU.Build.0 = Debug|Any CPU
		{FC38B57A-1332-4CD9-BB28-1F6DFE682416}.Release|Any CPU.ActiveCfg = Release|Any CPU
		{FC38B57A-1332-4CD9-BB28-1F6DFE682416}.Release|Any CPU.Build.0 = Release|Any CPU
		{45079BA2-65AB-49B6-B7F2-FF900B5D602F}.Debug|Any CPU.ActiveCfg = Debug|Any CPU
		{45079BA2-65AB-49B6-B7F2-FF900B5D602F}.Debug|Any CPU.Build.0 = Debug|Any CPU
		{45079BA2-65AB-49B6-B7F2-FF900B5D602F}.Release|Any CPU.ActiveCfg = Release|Any CPU
		{45079BA2-65AB-49B6-B7F2-FF900B5D602F}.Release|Any CPU.Build.0 = Release|Any CPU
		{07B0FE31-ACAC-49FA-A948-530E9E154960}.Debug|Any CPU.ActiveCfg = Debug|Any CPU
		{07B0FE31-ACAC-49FA-A948-530E9E154960}.Debug|Any CPU.Build.0 = Debug|Any CPU
		{07B0FE31-ACAC-49FA-A948-530E9E154960}.Release|Any CPU.ActiveCfg = Release|Any CPU
		{07B0FE31-ACAC-49FA-A948-530E9E154960}.Release|Any CPU.Build.0 = Release|Any CPU
		{E4F133E3-4CE4-4453-BED4-E20E2E1E21ED}.Debug|Any CPU.ActiveCfg = Debug|Any CPU
		{E4F133E3-4CE4-4453-BED4-E20E2E1E21ED}.Debug|Any CPU.Build.0 = Debug|Any CPU
		{E4F133E3-4CE4-4453-BED4-E20E2E1E21ED}.Release|Any CPU.ActiveCfg = Release|Any CPU
		{E4F133E3-4CE4-4453-BED4-E20E2E1E21ED}.Release|Any CPU.Build.0 = Release|Any CPU
		{0EB716C9-8CC0-4C5A-ADB7-445FCE269529}.Debug|Any CPU.ActiveCfg = Debug|Any CPU
		{0EB716C9-8CC0-4C5A-ADB7-445FCE269529}.Debug|Any CPU.Build.0 = Debug|Any CPU
		{0EB716C9-8CC0-4C5A-ADB7-445FCE269529}.Release|Any CPU.ActiveCfg = Release|Any CPU
		{0EB716C9-8CC0-4C5A-ADB7-445FCE269529}.Release|Any CPU.Build.0 = Release|Any CPU
		{9F55800E-8C8F-4085-92BA-222D0E305940}.Debug|Any CPU.ActiveCfg = Debug|Any CPU
		{9F55800E-8C8F-4085-92BA-222D0E305940}.Debug|Any CPU.Build.0 = Debug|Any CPU
		{9F55800E-8C8F-4085-92BA-222D0E305940}.Release|Any CPU.ActiveCfg = Release|Any CPU
		{9F55800E-8C8F-4085-92BA-222D0E305940}.Release|Any CPU.Build.0 = Release|Any CPU
		{685D7840-B479-4B26-B2C5-D23475B4715B}.Debug|Any CPU.ActiveCfg = Debug|Any CPU
		{685D7840-B479-4B26-B2C5-D23475B4715B}.Debug|Any CPU.Build.0 = Debug|Any CPU
		{685D7840-B479-4B26-B2C5-D23475B4715B}.Release|Any CPU.ActiveCfg = Release|Any CPU
		{685D7840-B479-4B26-B2C5-D23475B4715B}.Release|Any CPU.Build.0 = Release|Any CPU
		{B63D51E0-7794-4D39-9962-7316D5E09DF4}.Debug|Any CPU.ActiveCfg = Debug|Any CPU
		{B63D51E0-7794-4D39-9962-7316D5E09DF4}.Debug|Any CPU.Build.0 = Debug|Any CPU
		{B63D51E0-7794-4D39-9962-7316D5E09DF4}.Release|Any CPU.ActiveCfg = Release|Any CPU
		{B63D51E0-7794-4D39-9962-7316D5E09DF4}.Release|Any CPU.Build.0 = Release|Any CPU
		{59C2C260-C14A-45CF-BDE3-203DFED9BBA3}.Debug|Any CPU.ActiveCfg = Debug|Any CPU
		{59C2C260-C14A-45CF-BDE3-203DFED9BBA3}.Debug|Any CPU.Build.0 = Debug|Any CPU
		{59C2C260-C14A-45CF-BDE3-203DFED9BBA3}.Release|Any CPU.ActiveCfg = Release|Any CPU
		{59C2C260-C14A-45CF-BDE3-203DFED9BBA3}.Release|Any CPU.Build.0 = Release|Any CPU
	EndGlobalSection
	GlobalSection(SolutionProperties) = preSolution
		HideSolutionNode = FALSE
	EndGlobalSection
	GlobalSection(SubversionScc) = preSolution
		Svn-Managed = True
		Manager = AnkhSVN - Subversion Support for Visual Studio
	EndGlobalSection
	GlobalSection(TestCaseManagementSettings) = postSolution
		CategoryFile = stebs.vsmdi
	EndGlobalSection
EndGlobal
